// !$*UTF8*$!
{
	archiveVersion = 1;
	classes = {
	};
	objectVersion = 46;
	objects = {

/* Begin PBXBuildFile section */
		0909696DD02189AC07358A1A /* libPods.a in Frameworks */ = {isa = PBXBuildFile; fileRef = 6F1B40595321A5864B40BBEC /* libPods.a */; };
		91032BC51BA9356D00E3997B /* buttonNormalStateImage.png in Resources */ = {isa = PBXBuildFile; fileRef = 91032BC31BA9356D00E3997B /* buttonNormalStateImage.png */; };
		91032BC61BA9356D00E3997B /* buttonTouchDownStateImage.png in Resources */ = {isa = PBXBuildFile; fileRef = 91032BC41BA9356D00E3997B /* buttonTouchDownStateImage.png */; };
		910BF2EA1C2420960003BDFE /* Podfile in Resources */ = {isa = PBXBuildFile; fileRef = 910BF2E91C2420960003BDFE /* Podfile */; };
		912696041B79B7E600825912 /* UIDeviceHardware.m in Sources */ = {isa = PBXBuildFile; fileRef = 912696031B79B7E600825912 /* UIDeviceHardware.m */; };
		91296AD01B4BF05000693E8D /* MyProfileViewController.m in Sources */ = {isa = PBXBuildFile; fileRef = 91296ACF1B4BF05000693E8D /* MyProfileViewController.m */; };
		91296AD31B4CF68E00693E8D /* AddNewBookViewController.m in Sources */ = {isa = PBXBuildFile; fileRef = 91296AD21B4CF68E00693E8D /* AddNewBookViewController.m */; };
		91296B081B4D41A000693E8D /* MyBooksViewController.m in Sources */ = {isa = PBXBuildFile; fileRef = 91296B071B4D41A000693E8D /* MyBooksViewController.m */; };
		91296B0A1B4D9FA700693E8D /* noavatar.png in Resources */ = {isa = PBXBuildFile; fileRef = 91296B091B4D9FA700693E8D /* noavatar.png */; };
		91296B0F1B4DA15000693E8D /* Mantika Book W1G Bold Italic.otf in Resources */ = {isa = PBXBuildFile; fileRef = 91296B0B1B4DA15000693E8D /* Mantika Book W1G Bold Italic.otf */; };
		91296B101B4DA15000693E8D /* Mantika Book W1G Bold.otf in Resources */ = {isa = PBXBuildFile; fileRef = 91296B0C1B4DA15000693E8D /* Mantika Book W1G Bold.otf */; };
		91296B111B4DA15000693E8D /* Mantika Book W1G Italic.otf in Resources */ = {isa = PBXBuildFile; fileRef = 91296B0D1B4DA15000693E8D /* Mantika Book W1G Italic.otf */; };
		91296B121B4DA15000693E8D /* Mantika Book W1G.otf in Resources */ = {isa = PBXBuildFile; fileRef = 91296B0E1B4DA15000693E8D /* Mantika Book W1G.otf */; };
		91296BDB1BF1C5DF00EC1372 /* logoutIcon.png in Resources */ = {isa = PBXBuildFile; fileRef = 91296BDA1BF1C5DF00EC1372 /* logoutIcon.png */; };
		9137A5591B9E9BB400582973 /* closeIcon.png in Resources */ = {isa = PBXBuildFile; fileRef = 9137A5581B9E9BB400582973 /* closeIcon.png */; };
		913F809A1BD5F26A007A86BF /* heartIconFilled.png in Resources */ = {isa = PBXBuildFile; fileRef = 913F80991BD5F26A007A86BF /* heartIconFilled.png */; };
		9153CE481B9D507C00574534 /* addBookIcon.png in Resources */ = {isa = PBXBuildFile; fileRef = 9153CE431B9D507C00574534 /* addBookIcon.png */; };
		9153CE491B9D507C00574534 /* allBooksIcon.png in Resources */ = {isa = PBXBuildFile; fileRef = 9153CE441B9D507C00574534 /* allBooksIcon.png */; };
		9153CE4C1B9D507C00574534 /* trashBinCircleIcon.png in Resources */ = {isa = PBXBuildFile; fileRef = 9153CE471B9D507C00574534 /* trashBinCircleIcon.png */; };
		9153CE4E1B9D51D500574534 /* tabBarBackgroundImage.png in Resources */ = {isa = PBXBuildFile; fileRef = 9153CE4D1B9D51D500574534 /* tabBarBackgroundImage.png */; };
		91607D131B4E667900B30049 /* TabBarController.m in Sources */ = {isa = PBXBuildFile; fileRef = 91607D121B4E667900B30049 /* TabBarController.m */; };
		91607D291B53D63F00B30049 /* heartIcon.png in Resources */ = {isa = PBXBuildFile; fileRef = 91607D281B53D63F00B30049 /* heartIcon.png */; };
		91607D2B1B53D7DB00B30049 /* myProfileIcon.png in Resources */ = {isa = PBXBuildFile; fileRef = 91607D2A1B53D7DB00B30049 /* myProfileIcon.png */; };
		91607D2D1B54D24600B30049 /* trashBinIcon.png in Resources */ = {isa = PBXBuildFile; fileRef = 91607D2C1B54D24600B30049 /* trashBinIcon.png */; };
		917700EB1B42869D002864D1 /* main.m in Sources */ = {isa = PBXBuildFile; fileRef = 917700EA1B42869D002864D1 /* main.m */; };
		917700EE1B42869D002864D1 /* AppDelegate.m in Sources */ = {isa = PBXBuildFile; fileRef = 917700ED1B42869D002864D1 /* AppDelegate.m */; };
		917700F11B42869D002864D1 /* ViewController.m in Sources */ = {isa = PBXBuildFile; fileRef = 917700F01B42869D002864D1 /* ViewController.m */; };
		917700F41B42869D002864D1 /* Main.storyboard in Resources */ = {isa = PBXBuildFile; fileRef = 917700F21B42869D002864D1 /* Main.storyboard */; };
		917700F61B42869D002864D1 /* Images.xcassets in Resources */ = {isa = PBXBuildFile; fileRef = 917700F51B42869D002864D1 /* Images.xcassets */; };
		917700F91B42869D002864D1 /* LaunchScreen.xib in Resources */ = {isa = PBXBuildFile; fileRef = 917700F71B42869D002864D1 /* LaunchScreen.xib */; };
		917701051B42869D002864D1 /* KitappApplicationTests.m in Sources */ = {isa = PBXBuildFile; fileRef = 917701041B42869D002864D1 /* KitappApplicationTests.m */; };
		917701331B42ABD3002864D1 /* SignupViewController.m in Sources */ = {isa = PBXBuildFile; fileRef = 917701321B42ABD3002864D1 /* SignupViewController.m */; };
		917701361B42ABE2002864D1 /* LoginViewController.m in Sources */ = {isa = PBXBuildFile; fileRef = 917701351B42ABE2002864D1 /* LoginViewController.m */; };
		9177016F1B43B478002864D1 /* PopularBooksViewController.m in Sources */ = {isa = PBXBuildFile; fileRef = 9177016E1B43B478002864D1 /* PopularBooksViewController.m */; };
		9177017A1B43C7B2002864D1 /* UIImage+Scale.m in Sources */ = {isa = PBXBuildFile; fileRef = 917701791B43C7B2002864D1 /* UIImage+Scale.m */; };
		9177018F1B43EA89002864D1 /* CollectionViewCellClass.m in Sources */ = {isa = PBXBuildFile; fileRef = 9177018E1B43EA89002864D1 /* CollectionViewCellClass.m */; };
		917701931B44025E002864D1 /* Book.m in Sources */ = {isa = PBXBuildFile; fileRef = 917701921B44025E002864D1 /* Book.m */; };
		918957331B9EF77E007AF359 /* 3screen.png in Resources */ = {isa = PBXBuildFile; fileRef = 918957301B9EF77E007AF359 /* 3screen.png */; };
		918957361BA05F2E007AF359 /* 1screen.png in Resources */ = {isa = PBXBuildFile; fileRef = 918957341BA05F2E007AF359 /* 1screen.png */; };
		918957371BA05F2E007AF359 /* 2screen.png in Resources */ = {isa = PBXBuildFile; fileRef = 918957351BA05F2E007AF359 /* 2screen.png */; };
		919B27F71C1EB80600EE7C9D /* photoIcon.png in Resources */ = {isa = PBXBuildFile; fileRef = 919B27F51C1EB80600EE7C9D /* photoIcon.png */; };
		919B27F81C1EB80600EE7C9D /* uploadIcon.png in Resources */ = {isa = PBXBuildFile; fileRef = 919B27F61C1EB80600EE7C9D /* uploadIcon.png */; };
		919BB5FC1BDE139D00312F46 /* bookPlaceHolder.png in Resources */ = {isa = PBXBuildFile; fileRef = 919BB5FB1BDE139D00312F46 /* bookPlaceHolder.png */; };
		91B4910B1BDE2B930080F17C /* Colors.m in Sources */ = {isa = PBXBuildFile; fileRef = 91B4910A1BDE2B930080F17C /* Colors.m */; };
		91C61F1A1B68EFDF00550E44 /* plist.plist in Resources */ = {isa = PBXBuildFile; fileRef = 91C61F191B68EFDF00550E44 /* plist.plist */; };
		91C7F6CA1B4511A100D70C0D /* TableViewCell.m in Sources */ = {isa = PBXBuildFile; fileRef = 91C7F6C91B4511A100D70C0D /* TableViewCell.m */; };
		91C7F6E01B46420D00D70C0D /* ReviewBookViewController.m in Sources */ = {isa = PBXBuildFile; fileRef = 91C7F6DF1B46420D00D70C0D /* ReviewBookViewController.m */; };
		91D2045E1B4DAD950095A2E9 /* backIcon.png in Resources */ = {isa = PBXBuildFile; fileRef = 91D2045D1B4DAD950095A2E9 /* backIcon.png */; };
		91D9BA7E1B96FBC10027397F /* kitappLogo.png in Resources */ = {isa = PBXBuildFile; fileRef = 91D9BA7D1B96FBC10027397F /* kitappLogo.png */; };
		91DD90191B4AA0270068B7DB /* MainViewController1.m in Sources */ = {isa = PBXBuildFile; fileRef = 91DD90181B4AA0270068B7DB /* MainViewController1.m */; };
/* End PBXBuildFile section */

/* Begin PBXContainerItemProxy section */
		917700FF1B42869D002864D1 /* PBXContainerItemProxy */ = {
			isa = PBXContainerItemProxy;
			containerPortal = 917700DD1B42869D002864D1 /* Project object */;
			proxyType = 1;
			remoteGlobalIDString = 917700E41B42869D002864D1;
			remoteInfo = KitappApplication;
		};
/* End PBXContainerItemProxy section */

/* Begin PBXFileReference section */
		021D2E78299435F5B4DAB645 /* Pods.debug.xcconfig */ = {isa = PBXFileReference; includeInIndex = 1; lastKnownFileType = text.xcconfig; name = Pods.debug.xcconfig; path = "Pods/Target Support Files/Pods/Pods.debug.xcconfig"; sourceTree = "<group>"; };
		68031C8FD573F01B247A6229 /* Pods.release.xcconfig */ = {isa = PBXFileReference; includeInIndex = 1; lastKnownFileType = text.xcconfig; name = Pods.release.xcconfig; path = "Pods/Target Support Files/Pods/Pods.release.xcconfig"; sourceTree = "<group>"; };
		6F1B40595321A5864B40BBEC /* libPods.a */ = {isa = PBXFileReference; explicitFileType = archive.ar; includeInIndex = 0; path = libPods.a; sourceTree = BUILT_PRODUCTS_DIR; };
		91032BC31BA9356D00E3997B /* buttonNormalStateImage.png */ = {isa = PBXFileReference; lastKnownFileType = image.png; name = buttonNormalStateImage.png; path = Images.xcassets/buttonNormalStateImage.png; sourceTree = "<group>"; };
		91032BC41BA9356D00E3997B /* buttonTouchDownStateImage.png */ = {isa = PBXFileReference; lastKnownFileType = image.png; name = buttonTouchDownStateImage.png; path = Images.xcassets/buttonTouchDownStateImage.png; sourceTree = "<group>"; };
		910BF2E91C2420960003BDFE /* Podfile */ = {isa = PBXFileReference; fileEncoding = 4; lastKnownFileType = text; path = Podfile; sourceTree = "<group>"; xcLanguageSpecificationIdentifier = xcode.lang.ruby; };
		912696021B79B7E600825912 /* UIDeviceHardware.h */ = {isa = PBXFileReference; fileEncoding = 4; lastKnownFileType = sourcecode.c.h; path = UIDeviceHardware.h; sourceTree = "<group>"; };
		912696031B79B7E600825912 /* UIDeviceHardware.m */ = {isa = PBXFileReference; fileEncoding = 4; lastKnownFileType = sourcecode.c.objc; path = UIDeviceHardware.m; sourceTree = "<group>"; };
		91296ACE1B4BF05000693E8D /* MyProfileViewController.h */ = {isa = PBXFileReference; fileEncoding = 4; lastKnownFileType = sourcecode.c.h; path = MyProfileViewController.h; sourceTree = "<group>"; };
		91296ACF1B4BF05000693E8D /* MyProfileViewController.m */ = {isa = PBXFileReference; fileEncoding = 4; lastKnownFileType = sourcecode.c.objc; path = MyProfileViewController.m; sourceTree = "<group>"; };
		91296AD11B4CF68E00693E8D /* AddNewBookViewController.h */ = {isa = PBXFileReference; fileEncoding = 4; lastKnownFileType = sourcecode.c.h; path = AddNewBookViewController.h; sourceTree = "<group>"; };
		91296AD21B4CF68E00693E8D /* AddNewBookViewController.m */ = {isa = PBXFileReference; fileEncoding = 4; lastKnownFileType = sourcecode.c.objc; path = AddNewBookViewController.m; sourceTree = "<group>"; };
		91296B061B4D41A000693E8D /* MyBooksViewController.h */ = {isa = PBXFileReference; fileEncoding = 4; lastKnownFileType = sourcecode.c.h; path = MyBooksViewController.h; sourceTree = "<group>"; };
		91296B071B4D41A000693E8D /* MyBooksViewController.m */ = {isa = PBXFileReference; fileEncoding = 4; lastKnownFileType = sourcecode.c.objc; path = MyBooksViewController.m; sourceTree = "<group>"; };
		91296B091B4D9FA700693E8D /* noavatar.png */ = {isa = PBXFileReference; lastKnownFileType = image.png; name = noavatar.png; path = Images.xcassets/noavatar.png; sourceTree = "<group>"; };
		91296B0B1B4DA15000693E8D /* Mantika Book W1G Bold Italic.otf */ = {isa = PBXFileReference; lastKnownFileType = file; path = "Mantika Book W1G Bold Italic.otf"; sourceTree = "<group>"; };
		91296B0C1B4DA15000693E8D /* Mantika Book W1G Bold.otf */ = {isa = PBXFileReference; lastKnownFileType = file; path = "Mantika Book W1G Bold.otf"; sourceTree = "<group>"; };
		91296B0D1B4DA15000693E8D /* Mantika Book W1G Italic.otf */ = {isa = PBXFileReference; lastKnownFileType = file; path = "Mantika Book W1G Italic.otf"; sourceTree = "<group>"; };
		91296B0E1B4DA15000693E8D /* Mantika Book W1G.otf */ = {isa = PBXFileReference; lastKnownFileType = file; path = "Mantika Book W1G.otf"; sourceTree = "<group>"; };
		91296BDA1BF1C5DF00EC1372 /* logoutIcon.png */ = {isa = PBXFileReference; lastKnownFileType = image.png; name = logoutIcon.png; path = Images.xcassets/logoutIcon.png; sourceTree = "<group>"; };
		9137A5581B9E9BB400582973 /* closeIcon.png */ = {isa = PBXFileReference; lastKnownFileType = image.png; name = closeIcon.png; path = Images.xcassets/closeIcon.png; sourceTree = "<group>"; };
		913F80991BD5F26A007A86BF /* heartIconFilled.png */ = {isa = PBXFileReference; lastKnownFileType = image.png; name = heartIconFilled.png; path = Images.xcassets/heartIconFilled.png; sourceTree = "<group>"; };
		9153CE431B9D507C00574534 /* addBookIcon.png */ = {isa = PBXFileReference; lastKnownFileType = image.png; name = addBookIcon.png; path = Images.xcassets/addBookIcon.png; sourceTree = "<group>"; };
		9153CE441B9D507C00574534 /* allBooksIcon.png */ = {isa = PBXFileReference; lastKnownFileType = image.png; name = allBooksIcon.png; path = Images.xcassets/allBooksIcon.png; sourceTree = "<group>"; };
		9153CE471B9D507C00574534 /* trashBinCircleIcon.png */ = {isa = PBXFileReference; lastKnownFileType = image.png; name = trashBinCircleIcon.png; path = Images.xcassets/trashBinCircleIcon.png; sourceTree = "<group>"; };
		9153CE4D1B9D51D500574534 /* tabBarBackgroundImage.png */ = {isa = PBXFileReference; lastKnownFileType = image.png; name = tabBarBackgroundImage.png; path = Images.xcassets/tabBarBackgroundImage.png; sourceTree = "<group>"; };
		91607D111B4E667900B30049 /* TabBarController.h */ = {isa = PBXFileReference; fileEncoding = 4; lastKnownFileType = sourcecode.c.h; path = TabBarController.h; sourceTree = "<group>"; };
		91607D121B4E667900B30049 /* TabBarController.m */ = {isa = PBXFileReference; fileEncoding = 4; lastKnownFileType = sourcecode.c.objc; path = TabBarController.m; sourceTree = "<group>"; };
		91607D281B53D63F00B30049 /* heartIcon.png */ = {isa = PBXFileReference; lastKnownFileType = image.png; name = heartIcon.png; path = Images.xcassets/heartIcon.png; sourceTree = "<group>"; };
		91607D2A1B53D7DB00B30049 /* myProfileIcon.png */ = {isa = PBXFileReference; lastKnownFileType = image.png; name = myProfileIcon.png; path = Images.xcassets/myProfileIcon.png; sourceTree = "<group>"; };
		91607D2C1B54D24600B30049 /* trashBinIcon.png */ = {isa = PBXFileReference; lastKnownFileType = image.png; name = trashBinIcon.png; path = Images.xcassets/trashBinIcon.png; sourceTree = "<group>"; };
		917700E51B42869D002864D1 /* KitappApplication.app */ = {isa = PBXFileReference; explicitFileType = wrapper.application; includeInIndex = 0; path = KitappApplication.app; sourceTree = BUILT_PRODUCTS_DIR; };
		917700E91B42869D002864D1 /* Info.plist */ = {isa = PBXFileReference; lastKnownFileType = text.plist.xml; path = Info.plist; sourceTree = "<group>"; };
		917700EA1B42869D002864D1 /* main.m */ = {isa = PBXFileReference; lastKnownFileType = sourcecode.c.objc; path = main.m; sourceTree = "<group>"; };
		917700EC1B42869D002864D1 /* AppDelegate.h */ = {isa = PBXFileReference; lastKnownFileType = sourcecode.c.h; path = AppDelegate.h; sourceTree = "<group>"; };
		917700ED1B42869D002864D1 /* AppDelegate.m */ = {isa = PBXFileReference; lastKnownFileType = sourcecode.c.objc; path = AppDelegate.m; sourceTree = "<group>"; };
		917700EF1B42869D002864D1 /* ViewController.h */ = {isa = PBXFileReference; lastKnownFileType = sourcecode.c.h; path = ViewController.h; sourceTree = "<group>"; };
		917700F01B42869D002864D1 /* ViewController.m */ = {isa = PBXFileReference; lastKnownFileType = sourcecode.c.objc; path = ViewController.m; sourceTree = "<group>"; };
		917700F31B42869D002864D1 /* Base */ = {isa = PBXFileReference; lastKnownFileType = file.storyboard; name = Base; path = Base.lproj/Main.storyboard; sourceTree = "<group>"; };
		917700F51B42869D002864D1 /* Images.xcassets */ = {isa = PBXFileReference; lastKnownFileType = folder.assetcatalog; path = Images.xcassets; sourceTree = "<group>"; };
		917700F81B42869D002864D1 /* Base */ = {isa = PBXFileReference; lastKnownFileType = file.xib; name = Base; path = Base.lproj/LaunchScreen.xib; sourceTree = "<group>"; };
		917700FE1B42869D002864D1 /* KitappApplicationTests.xctest */ = {isa = PBXFileReference; explicitFileType = wrapper.cfbundle; includeInIndex = 0; path = KitappApplicationTests.xctest; sourceTree = BUILT_PRODUCTS_DIR; };
		917701031B42869D002864D1 /* Info.plist */ = {isa = PBXFileReference; lastKnownFileType = text.plist.xml; path = Info.plist; sourceTree = "<group>"; };
		917701041B42869D002864D1 /* KitappApplicationTests.m */ = {isa = PBXFileReference; lastKnownFileType = sourcecode.c.objc; path = KitappApplicationTests.m; sourceTree = "<group>"; };
		917701311B42ABD3002864D1 /* SignupViewController.h */ = {isa = PBXFileReference; fileEncoding = 4; lastKnownFileType = sourcecode.c.h; path = SignupViewController.h; sourceTree = "<group>"; };
		917701321B42ABD3002864D1 /* SignupViewController.m */ = {isa = PBXFileReference; fileEncoding = 4; lastKnownFileType = sourcecode.c.objc; path = SignupViewController.m; sourceTree = "<group>"; };
		917701341B42ABE2002864D1 /* LoginViewController.h */ = {isa = PBXFileReference; fileEncoding = 4; lastKnownFileType = sourcecode.c.h; path = LoginViewController.h; sourceTree = "<group>"; };
		917701351B42ABE2002864D1 /* LoginViewController.m */ = {isa = PBXFileReference; fileEncoding = 4; lastKnownFileType = sourcecode.c.objc; path = LoginViewController.m; sourceTree = "<group>"; };
		9177016D1B43B478002864D1 /* PopularBooksViewController.h */ = {isa = PBXFileReference; fileEncoding = 4; lastKnownFileType = sourcecode.c.h; path = PopularBooksViewController.h; sourceTree = "<group>"; };
		9177016E1B43B478002864D1 /* PopularBooksViewController.m */ = {isa = PBXFileReference; fileEncoding = 4; lastKnownFileType = sourcecode.c.objc; path = PopularBooksViewController.m; sourceTree = "<group>"; };
		917701781B43C7B2002864D1 /* UIImage+Scale.h */ = {isa = PBXFileReference; fileEncoding = 4; lastKnownFileType = sourcecode.c.h; path = "UIImage+Scale.h"; sourceTree = "<group>"; };
		917701791B43C7B2002864D1 /* UIImage+Scale.m */ = {isa = PBXFileReference; fileEncoding = 4; lastKnownFileType = sourcecode.c.objc; path = "UIImage+Scale.m"; sourceTree = "<group>"; };
		9177018D1B43EA89002864D1 /* CollectionViewCellClass.h */ = {isa = PBXFileReference; fileEncoding = 4; lastKnownFileType = sourcecode.c.h; path = CollectionViewCellClass.h; sourceTree = "<group>"; };
		9177018E1B43EA89002864D1 /* CollectionViewCellClass.m */ = {isa = PBXFileReference; fileEncoding = 4; lastKnownFileType = sourcecode.c.objc; path = CollectionViewCellClass.m; sourceTree = "<group>"; };
		917701911B44025E002864D1 /* Book.h */ = {isa = PBXFileReference; fileEncoding = 4; lastKnownFileType = sourcecode.c.h; path = Book.h; sourceTree = "<group>"; };
		917701921B44025E002864D1 /* Book.m */ = {isa = PBXFileReference; fileEncoding = 4; lastKnownFileType = sourcecode.c.objc; path = Book.m; sourceTree = "<group>"; };
		918957301B9EF77E007AF359 /* 3screen.png */ = {isa = PBXFileReference; lastKnownFileType = image.png; name = 3screen.png; path = Images.xcassets/3screen.png; sourceTree = "<group>"; };
		918957341BA05F2E007AF359 /* 1screen.png */ = {isa = PBXFileReference; lastKnownFileType = image.png; name = 1screen.png; path = Images.xcassets/1screen.png; sourceTree = "<group>"; };
		918957351BA05F2E007AF359 /* 2screen.png */ = {isa = PBXFileReference; lastKnownFileType = image.png; name = 2screen.png; path = Images.xcassets/2screen.png; sourceTree = "<group>"; };
		919B27F51C1EB80600EE7C9D /* photoIcon.png */ = {isa = PBXFileReference; lastKnownFileType = image.png; name = photoIcon.png; path = Images.xcassets/photoIcon.png; sourceTree = "<group>"; };
		919B27F61C1EB80600EE7C9D /* uploadIcon.png */ = {isa = PBXFileReference; lastKnownFileType = image.png; name = uploadIcon.png; path = Images.xcassets/uploadIcon.png; sourceTree = "<group>"; };
		919BB5FB1BDE139D00312F46 /* bookPlaceHolder.png */ = {isa = PBXFileReference; lastKnownFileType = image.png; name = bookPlaceHolder.png; path = Images.xcassets/bookPlaceHolder.png; sourceTree = "<group>"; };
		91B491091BDE2B930080F17C /* Colors.h */ = {isa = PBXFileReference; fileEncoding = 4; lastKnownFileType = sourcecode.c.h; path = Colors.h; sourceTree = "<group>"; };
		91B4910A1BDE2B930080F17C /* Colors.m */ = {isa = PBXFileReference; fileEncoding = 4; lastKnownFileType = sourcecode.c.objc; path = Colors.m; sourceTree = "<group>"; };
		91C61F191B68EFDF00550E44 /* plist.plist */ = {isa = PBXFileReference; fileEncoding = 4; lastKnownFileType = text.plist.xml; path = plist.plist; sourceTree = "<group>"; };
		91C7F6C81B4511A100D70C0D /* TableViewCell.h */ = {isa = PBXFileReference; fileEncoding = 4; lastKnownFileType = sourcecode.c.h; path = TableViewCell.h; sourceTree = "<group>"; };
		91C7F6C91B4511A100D70C0D /* TableViewCell.m */ = {isa = PBXFileReference; fileEncoding = 4; lastKnownFileType = sourcecode.c.objc; path = TableViewCell.m; sourceTree = "<group>"; };
		91C7F6DE1B46420D00D70C0D /* ReviewBookViewController.h */ = {isa = PBXFileReference; fileEncoding = 4; lastKnownFileType = sourcecode.c.h; path = ReviewBookViewController.h; sourceTree = "<group>"; };
		91C7F6DF1B46420D00D70C0D /* ReviewBookViewController.m */ = {isa = PBXFileReference; fileEncoding = 4; lastKnownFileType = sourcecode.c.objc; path = ReviewBookViewController.m; sourceTree = "<group>"; };
		91D2045D1B4DAD950095A2E9 /* backIcon.png */ = {isa = PBXFileReference; lastKnownFileType = image.png; name = backIcon.png; path = Images.xcassets/backIcon.png; sourceTree = "<group>"; };
		91D9BA7D1B96FBC10027397F /* kitappLogo.png */ = {isa = PBXFileReference; lastKnownFileType = image.png; path = kitappLogo.png; sourceTree = "<group>"; };
		91DD90171B4AA0270068B7DB /* MainViewController1.h */ = {isa = PBXFileReference; fileEncoding = 4; lastKnownFileType = sourcecode.c.h; path = MainViewController1.h; sourceTree = "<group>"; };
		91DD90181B4AA0270068B7DB /* MainViewController1.m */ = {isa = PBXFileReference; fileEncoding = 4; lastKnownFileType = sourcecode.c.objc; path = MainViewController1.m; sourceTree = "<group>"; };
/* End PBXFileReference section */

/* Begin PBXFrameworksBuildPhase section */
		917700E21B42869D002864D1 /* Frameworks */ = {
			isa = PBXFrameworksBuildPhase;
			buildActionMask = 2147483647;
			files = (
				0909696DD02189AC07358A1A /* libPods.a in Frameworks */,
			);
			runOnlyForDeploymentPostprocessing = 0;
		};
		917700FB1B42869D002864D1 /* Frameworks */ = {
			isa = PBXFrameworksBuildPhase;
			buildActionMask = 2147483647;
			files = (
			);
			runOnlyForDeploymentPostprocessing = 0;
		};
/* End PBXFrameworksBuildPhase section */

/* Begin PBXGroup section */
		6BFD5DB3237DE6B90A2E7B98 /* Pods */ = {
			isa = PBXGroup;
			children = (
				021D2E78299435F5B4DAB645 /* Pods.debug.xcconfig */,
				68031C8FD573F01B247A6229 /* Pods.release.xcconfig */,
			);
			name = Pods;
			sourceTree = "<group>";
		};
		912696051B79BA5200825912 /* UIDeviceHardware */ = {
			isa = PBXGroup;
			children = (
				912696031B79B7E600825912 /* UIDeviceHardware.m */,
				912696021B79B7E600825912 /* UIDeviceHardware.h */,
			);
			name = UIDeviceHardware;
			sourceTree = "<group>";
		};
		91296B131B4DA15C00693E8D /* Fonts */ = {
			isa = PBXGroup;
			children = (
				91296B0B1B4DA15000693E8D /* Mantika Book W1G Bold Italic.otf */,
				91296B0C1B4DA15000693E8D /* Mantika Book W1G Bold.otf */,
				91296B0D1B4DA15000693E8D /* Mantika Book W1G Italic.otf */,
				91296B0E1B4DA15000693E8D /* Mantika Book W1G.otf */,
			);
			name = Fonts;
			sourceTree = "<group>";
		};
		91607D1E1B4FD9FD00B30049 /* Book class */ = {
			isa = PBXGroup;
			children = (
				917701911B44025E002864D1 /* Book.h */,
				917701921B44025E002864D1 /* Book.m */,
			);
			name = "Book class";
			sourceTree = "<group>";
		};
		91607D211B4FDA2F00B30049 /* TableViewCell */ = {
			isa = PBXGroup;
			children = (
				91C7F6C81B4511A100D70C0D /* TableViewCell.h */,
				91C7F6C91B4511A100D70C0D /* TableViewCell.m */,
			);
			name = TableViewCell;
			sourceTree = "<group>";
		};
		91607D221B4FDA5500B30049 /* MyProfileVC */ = {
			isa = PBXGroup;
			children = (
				91296ACE1B4BF05000693E8D /* MyProfileViewController.h */,
				91296ACF1B4BF05000693E8D /* MyProfileViewController.m */,
			);
			name = MyProfileVC;
			sourceTree = "<group>";
		};
		91607D231B4FDA7900B30049 /* AddNewBookVC */ = {
			isa = PBXGroup;
			children = (
				91296AD11B4CF68E00693E8D /* AddNewBookViewController.h */,
				91296AD21B4CF68E00693E8D /* AddNewBookViewController.m */,
			);
			name = AddNewBookVC;
			sourceTree = "<group>";
		};
		91607D241B4FDA8500B30049 /* TabBarController */ = {
			isa = PBXGroup;
			children = (
				91607D111B4E667900B30049 /* TabBarController.h */,
				91607D121B4E667900B30049 /* TabBarController.m */,
			);
			name = TabBarController;
			sourceTree = "<group>";
		};
		91607D251B4FDAA100B30049 /* MyBooksVC */ = {
			isa = PBXGroup;
			children = (
				91296B061B4D41A000693E8D /* MyBooksViewController.h */,
				91296B071B4D41A000693E8D /* MyBooksViewController.m */,
			);
			name = MyBooksVC;
			sourceTree = "<group>";
		};
		91607D261B4FDAAB00B30049 /* View controllers */ = {
			isa = PBXGroup;
			children = (
				91D9BA7F1B9816A20027397F /* EntranceVCs */,
				91607D221B4FDA5500B30049 /* MyProfileVC */,
				91607D231B4FDA7900B30049 /* AddNewBookVC */,
				917701761B43BDB5002864D1 /* PopularBooksViewController */,
				91C7F6E11B46456200D70C0D /* ReviewBookViewController */,
				91607D251B4FDAA100B30049 /* MyBooksVC */,
			);
			name = "View controllers";
			sourceTree = "<group>";
		};
		91607D271B4FDAF000B30049 /* Design for cells */ = {
			isa = PBXGroup;
			children = (
				91607D211B4FDA2F00B30049 /* TableViewCell */,
				917701901B43EA99002864D1 /* CollectionViewCellClass */,
			);
			name = "Design for cells";
			sourceTree = "<group>";
		};
		917700DC1B42869D002864D1 = {
			isa = PBXGroup;
			children = (
				910BF2E91C2420960003BDFE /* Podfile */,
				917700E71B42869D002864D1 /* KitappApplication */,
				917701011B42869D002864D1 /* KitappApplicationTests */,
				917700E61B42869D002864D1 /* Products */,
				6BFD5DB3237DE6B90A2E7B98 /* Pods */,
				D335CF9ED792F68457F27EA2 /* Frameworks */,
			);
			sourceTree = "<group>";
		};
		917700E61B42869D002864D1 /* Products */ = {
			isa = PBXGroup;
			children = (
				917700E51B42869D002864D1 /* KitappApplication.app */,
				917700FE1B42869D002864D1 /* KitappApplicationTests.xctest */,
			);
			name = Products;
			sourceTree = "<group>";
		};
		917700E71B42869D002864D1 /* KitappApplication */ = {
			isa = PBXGroup;
			children = (
				91B491081BDE2B790080F17C /* Utils */,
				917700EC1B42869D002864D1 /* AppDelegate.h */,
				917700ED1B42869D002864D1 /* AppDelegate.m */,
				917700F21B42869D002864D1 /* Main.storyboard */,
				917700F51B42869D002864D1 /* Images.xcassets */,
				917700F71B42869D002864D1 /* LaunchScreen.xib */,
				917701771B43C794002864D1 /* UIImage + Scale */,
				91607D271B4FDAF000B30049 /* Design for cells */,
				91607D241B4FDA8500B30049 /* TabBarController */,
				91607D261B4FDAAB00B30049 /* View controllers */,
				917700E81B42869D002864D1 /* Supporting Files */,
				91C61F191B68EFDF00550E44 /* plist.plist */,
			);
			path = KitappApplication;
			sourceTree = "<group>";
		};
		917700E81B42869D002864D1 /* Supporting Files */ = {
			isa = PBXGroup;
			children = (
				91296B131B4DA15C00693E8D /* Fonts */,
				91607D1E1B4FD9FD00B30049 /* Book class */,
				917701691B42B786002864D1 /* images */,
				917700E91B42869D002864D1 /* Info.plist */,
				917700EA1B42869D002864D1 /* main.m */,
				912696051B79BA5200825912 /* UIDeviceHardware */,
			);
			name = "Supporting Files";
			sourceTree = "<group>";
		};
		917701011B42869D002864D1 /* KitappApplicationTests */ = {
			isa = PBXGroup;
			children = (
				917701041B42869D002864D1 /* KitappApplicationTests.m */,
				917701021B42869D002864D1 /* Supporting Files */,
			);
			path = KitappApplicationTests;
			sourceTree = "<group>";
		};
		917701021B42869D002864D1 /* Supporting Files */ = {
			isa = PBXGroup;
			children = (
				917701031B42869D002864D1 /* Info.plist */,
			);
			name = "Supporting Files";
			sourceTree = "<group>";
		};
		917701691B42B786002864D1 /* images */ = {
			isa = PBXGroup;
			children = (
				919B27F51C1EB80600EE7C9D /* photoIcon.png */,
				919B27F61C1EB80600EE7C9D /* uploadIcon.png */,
				919BB5FB1BDE139D00312F46 /* bookPlaceHolder.png */,
				91032BC31BA9356D00E3997B /* buttonNormalStateImage.png */,
				91032BC41BA9356D00E3997B /* buttonTouchDownStateImage.png */,
				918957341BA05F2E007AF359 /* 1screen.png */,
				918957351BA05F2E007AF359 /* 2screen.png */,
				918957301B9EF77E007AF359 /* 3screen.png */,
				9137A5581B9E9BB400582973 /* closeIcon.png */,
				9153CE4D1B9D51D500574534 /* tabBarBackgroundImage.png */,
				9153CE431B9D507C00574534 /* addBookIcon.png */,
				9153CE441B9D507C00574534 /* allBooksIcon.png */,
				9153CE471B9D507C00574534 /* trashBinCircleIcon.png */,
				91D9BA7D1B96FBC10027397F /* kitappLogo.png */,
				91607D2C1B54D24600B30049 /* trashBinIcon.png */,
				91607D2A1B53D7DB00B30049 /* myProfileIcon.png */,
				91296BDA1BF1C5DF00EC1372 /* logoutIcon.png */,
				91607D281B53D63F00B30049 /* heartIcon.png */,
				913F80991BD5F26A007A86BF /* heartIconFilled.png */,
				91D2045D1B4DAD950095A2E9 /* backIcon.png */,
				91296B091B4D9FA700693E8D /* noavatar.png */,
			);
			name = images;
			sourceTree = "<group>";
		};
		917701761B43BDB5002864D1 /* PopularBooksViewController */ = {
			isa = PBXGroup;
			children = (
				9177016D1B43B478002864D1 /* PopularBooksViewController.h */,
				9177016E1B43B478002864D1 /* PopularBooksViewController.m */,
			);
			name = PopularBooksViewController;
			sourceTree = "<group>";
		};
		917701771B43C794002864D1 /* UIImage + Scale */ = {
			isa = PBXGroup;
			children = (
				917701781B43C7B2002864D1 /* UIImage+Scale.h */,
				917701791B43C7B2002864D1 /* UIImage+Scale.m */,
			);
			name = "UIImage + Scale";
			sourceTree = "<group>";
		};
		917701901B43EA99002864D1 /* CollectionViewCellClass */ = {
			isa = PBXGroup;
			children = (
				9177018D1B43EA89002864D1 /* CollectionViewCellClass.h */,
				9177018E1B43EA89002864D1 /* CollectionViewCellClass.m */,
			);
			name = CollectionViewCellClass;
			sourceTree = "<group>";
		};
		91B491081BDE2B790080F17C /* Utils */ = {
			isa = PBXGroup;
			children = (
				91B491091BDE2B930080F17C /* Colors.h */,
				91B4910A1BDE2B930080F17C /* Colors.m */,
			);
			name = Utils;
			sourceTree = "<group>";
		};
		91C7F6E11B46456200D70C0D /* ReviewBookViewController */ = {
			isa = PBXGroup;
			children = (
				91C7F6DE1B46420D00D70C0D /* ReviewBookViewController.h */,
				91C7F6DF1B46420D00D70C0D /* ReviewBookViewController.m */,
			);
			name = ReviewBookViewController;
			sourceTree = "<group>";
		};
		91D9BA7F1B9816A20027397F /* EntranceVCs */ = {
			isa = PBXGroup;
			children = (
				917700EF1B42869D002864D1 /* ViewController.h */,
				917700F01B42869D002864D1 /* ViewController.m */,
				917701311B42ABD3002864D1 /* SignupViewController.h */,
				917701321B42ABD3002864D1 /* SignupViewController.m */,
				917701341B42ABE2002864D1 /* LoginViewController.h */,
				917701351B42ABE2002864D1 /* LoginViewController.m */,
				91DD90171B4AA0270068B7DB /* MainViewController1.h */,
				91DD90181B4AA0270068B7DB /* MainViewController1.m */,
			);
			name = EntranceVCs;
			sourceTree = "<group>";
		};
		D335CF9ED792F68457F27EA2 /* Frameworks */ = {
			isa = PBXGroup;
			children = (
				6F1B40595321A5864B40BBEC /* libPods.a */,
			);
			name = Frameworks;
			sourceTree = "<group>";
		};
/* End PBXGroup section */

/* Begin PBXNativeTarget section */
		917700E41B42869D002864D1 /* KitappApplication */ = {
			isa = PBXNativeTarget;
			buildConfigurationList = 917701081B42869D002864D1 /* Build configuration list for PBXNativeTarget "KitappApplication" */;
			buildPhases = (
				52D1EE87FAED1ED19B446CAE /* Check Pods Manifest.lock */,
				917700E11B42869D002864D1 /* Sources */,
				917700E21B42869D002864D1 /* Frameworks */,
				917700E31B42869D002864D1 /* Resources */,
				E9DA723BCC14EBDE1D9E8EEE /* Copy Pods Resources */,
				91C61F1B1B6A3DFC00550E44 /* Run Script */,
				D8FE93FFBBA9DA9108BB2BB2 /* Embed Pods Frameworks */,
			);
			buildRules = (
			);
			dependencies = (
			);
			name = KitappApplication;
			productName = KitappApplication;
			productReference = 917700E51B42869D002864D1 /* KitappApplication.app */;
			productType = "com.apple.product-type.application";
		};
		917700FD1B42869D002864D1 /* KitappApplicationTests */ = {
			isa = PBXNativeTarget;
			buildConfigurationList = 9177010B1B42869D002864D1 /* Build configuration list for PBXNativeTarget "KitappApplicationTests" */;
			buildPhases = (
				917700FA1B42869D002864D1 /* Sources */,
				917700FB1B42869D002864D1 /* Frameworks */,
				917700FC1B42869D002864D1 /* Resources */,
			);
			buildRules = (
			);
			dependencies = (
				917701001B42869D002864D1 /* PBXTargetDependency */,
			);
			name = KitappApplicationTests;
			productName = KitappApplicationTests;
			productReference = 917700FE1B42869D002864D1 /* KitappApplicationTests.xctest */;
			productType = "com.apple.product-type.bundle.unit-test";
		};
/* End PBXNativeTarget section */

/* Begin PBXProject section */
		917700DD1B42869D002864D1 /* Project object */ = {
			isa = PBXProject;
			attributes = {
				LastUpgradeCheck = 0630;
				ORGANIZATIONNAME = "Olga Khvan";
				TargetAttributes = {
					917700E41B42869D002864D1 = {
						CreatedOnToolsVersion = 6.3.2;
						DevelopmentTeam = FY4K8ZFLRQ;
					};
					917700FD1B42869D002864D1 = {
						CreatedOnToolsVersion = 6.3.2;
						DevelopmentTeam = FY4K8ZFLRQ;
						TestTargetID = 917700E41B42869D002864D1;
					};
				};
			};
			buildConfigurationList = 917700E01B42869D002864D1 /* Build configuration list for PBXProject "KitappApplication" */;
			compatibilityVersion = "Xcode 3.2";
			developmentRegion = English;
			hasScannedForEncodings = 0;
			knownRegions = (
				en,
				Base,
			);
			mainGroup = 917700DC1B42869D002864D1;
			productRefGroup = 917700E61B42869D002864D1 /* Products */;
			projectDirPath = "";
			projectRoot = "";
			targets = (
				917700E41B42869D002864D1 /* KitappApplication */,
				917700FD1B42869D002864D1 /* KitappApplicationTests */,
			);
		};
/* End PBXProject section */

/* Begin PBXResourcesBuildPhase section */
		917700E31B42869D002864D1 /* Resources */ = {
			isa = PBXResourcesBuildPhase;
			buildActionMask = 2147483647;
			files = (
				910BF2EA1C2420960003BDFE /* Podfile in Resources */,
				91D9BA7E1B96FBC10027397F /* kitappLogo.png in Resources */,
				91296B0A1B4D9FA700693E8D /* noavatar.png in Resources */,
				91296B121B4DA15000693E8D /* Mantika Book W1G.otf in Resources */,
				919BB5FC1BDE139D00312F46 /* bookPlaceHolder.png in Resources */,
				91032BC61BA9356D00E3997B /* buttonTouchDownStateImage.png in Resources */,
				917700F41B42869D002864D1 /* Main.storyboard in Resources */,
				919B27F81C1EB80600EE7C9D /* uploadIcon.png in Resources */,
				91296B111B4DA15000693E8D /* Mantika Book W1G Italic.otf in Resources */,
				91607D2D1B54D24600B30049 /* trashBinIcon.png in Resources */,
				9137A5591B9E9BB400582973 /* closeIcon.png in Resources */,
				91296B101B4DA15000693E8D /* Mantika Book W1G Bold.otf in Resources */,
				9153CE4C1B9D507C00574534 /* trashBinCircleIcon.png in Resources */,
				91C61F1A1B68EFDF00550E44 /* plist.plist in Resources */,
				917700F91B42869D002864D1 /* LaunchScreen.xib in Resources */,
				918957371BA05F2E007AF359 /* 2screen.png in Resources */,
				918957331B9EF77E007AF359 /* 3screen.png in Resources */,
				9153CE481B9D507C00574534 /* addBookIcon.png in Resources */,
				913F809A1BD5F26A007A86BF /* heartIconFilled.png in Resources */,
				9153CE4E1B9D51D500574534 /* tabBarBackgroundImage.png in Resources */,
				91D2045E1B4DAD950095A2E9 /* backIcon.png in Resources */,
				91032BC51BA9356D00E3997B /* buttonNormalStateImage.png in Resources */,
				91607D2B1B53D7DB00B30049 /* myProfileIcon.png in Resources */,
				918957361BA05F2E007AF359 /* 1screen.png in Resources */,
				91296B0F1B4DA15000693E8D /* Mantika Book W1G Bold Italic.otf in Resources */,
				917700F61B42869D002864D1 /* Images.xcassets in Resources */,
				91607D291B53D63F00B30049 /* heartIcon.png in Resources */,
				91296BDB1BF1C5DF00EC1372 /* logoutIcon.png in Resources */,
				9153CE491B9D507C00574534 /* allBooksIcon.png in Resources */,
				919B27F71C1EB80600EE7C9D /* photoIcon.png in Resources */,
			);
			runOnlyForDeploymentPostprocessing = 0;
		};
		917700FC1B42869D002864D1 /* Resources */ = {
			isa = PBXResourcesBuildPhase;
			buildActionMask = 2147483647;
			files = (
			);
			runOnlyForDeploymentPostprocessing = 0;
		};
/* End PBXResourcesBuildPhase section */

/* Begin PBXShellScriptBuildPhase section */
		52D1EE87FAED1ED19B446CAE /* Check Pods Manifest.lock */ = {
			isa = PBXShellScriptBuildPhase;
			buildActionMask = 2147483647;
			files = (
			);
			inputPaths = (
			);
			name = "Check Pods Manifest.lock";
			outputPaths = (
			);
			runOnlyForDeploymentPostprocessing = 0;
			shellPath = /bin/sh;
			shellScript = "diff \"${PODS_ROOT}/../Podfile.lock\" \"${PODS_ROOT}/Manifest.lock\" > /dev/null\nif [[ $? != 0 ]] ; then\n    cat << EOM\nerror: The sandbox is not in sync with the Podfile.lock. Run 'pod install' or update your CocoaPods installation.\nEOM\n    exit 1\nfi\n";
			showEnvVarsInLog = 0;
		};
		91C61F1B1B6A3DFC00550E44 /* Run Script */ = {
			isa = PBXShellScriptBuildPhase;
			buildActionMask = 2147483647;
			files = (
			);
			inputPaths = (
			);
			name = "Run Script";
			outputPaths = (
			);
			runOnlyForDeploymentPostprocessing = 0;
			shellPath = /bin/sh;
			shellScript = "";
		};
		D8FE93FFBBA9DA9108BB2BB2 /* Embed Pods Frameworks */ = {
			isa = PBXShellScriptBuildPhase;
			buildActionMask = 2147483647;
			files = (
			);
			inputPaths = (
			);
			name = "Embed Pods Frameworks";
			outputPaths = (
			);
			runOnlyForDeploymentPostprocessing = 0;
			shellPath = /bin/sh;
			shellScript = "\"${SRCROOT}/Pods/Target Support Files/Pods/Pods-frameworks.sh\"\n";
			showEnvVarsInLog = 0;
		};
		E9DA723BCC14EBDE1D9E8EEE /* Copy Pods Resources */ = {
			isa = PBXShellScriptBuildPhase;
			buildActionMask = 2147483647;
			files = (
			);
			inputPaths = (
			);
			name = "Copy Pods Resources";
			outputPaths = (
			);
			runOnlyForDeploymentPostprocessing = 0;
			shellPath = /bin/sh;
			shellScript = "\"${SRCROOT}/Pods/Target Support Files/Pods/Pods-resources.sh\"\n";
			showEnvVarsInLog = 0;
		};
/* End PBXShellScriptBuildPhase section */

/* Begin PBXSourcesBuildPhase section */
		917700E11B42869D002864D1 /* Sources */ = {
			isa = PBXSourcesBuildPhase;
			buildActionMask = 2147483647;
			files = (
				9177017A1B43C7B2002864D1 /* UIImage+Scale.m in Sources */,
				91C7F6E01B46420D00D70C0D /* ReviewBookViewController.m in Sources */,
				9177018F1B43EA89002864D1 /* CollectionViewCellClass.m in Sources */,
				912696041B79B7E600825912 /* UIDeviceHardware.m in Sources */,
				91296AD31B4CF68E00693E8D /* AddNewBookViewController.m in Sources */,
				917700F11B42869D002864D1 /* ViewController.m in Sources */,
				91296B081B4D41A000693E8D /* MyBooksViewController.m in Sources */,
				91296AD01B4BF05000693E8D /* MyProfileViewController.m in Sources */,
				91DD90191B4AA0270068B7DB /* MainViewController1.m in Sources */,
				91C7F6CA1B4511A100D70C0D /* TableViewCell.m in Sources */,
				917700EE1B42869D002864D1 /* AppDelegate.m in Sources */,
				917701331B42ABD3002864D1 /* SignupViewController.m in Sources */,
				917700EB1B42869D002864D1 /* main.m in Sources */,
				91B4910B1BDE2B930080F17C /* Colors.m in Sources */,
				917701931B44025E002864D1 /* Book.m in Sources */,
				917701361B42ABE2002864D1 /* LoginViewController.m in Sources */,
				91607D131B4E667900B30049 /* TabBarController.m in Sources */,
				9177016F1B43B478002864D1 /* PopularBooksViewController.m in Sources */,
			);
			runOnlyForDeploymentPostprocessing = 0;
		};
		917700FA1B42869D002864D1 /* Sources */ = {
			isa = PBXSourcesBuildPhase;
			buildActionMask = 2147483647;
			files = (
				917701051B42869D002864D1 /* KitappApplicationTests.m in Sources */,
			);
			runOnlyForDeploymentPostprocessing = 0;
		};
/* End PBXSourcesBuildPhase section */

/* Begin PBXTargetDependency section */
		917701001B42869D002864D1 /* PBXTargetDependency */ = {
			isa = PBXTargetDependency;
			target = 917700E41B42869D002864D1 /* KitappApplication */;
			targetProxy = 917700FF1B42869D002864D1 /* PBXContainerItemProxy */;
		};
/* End PBXTargetDependency section */

/* Begin PBXVariantGroup section */
		917700F21B42869D002864D1 /* Main.storyboard */ = {
			isa = PBXVariantGroup;
			children = (
				917700F31B42869D002864D1 /* Base */,
			);
			name = Main.storyboard;
			sourceTree = "<group>";
		};
		917700F71B42869D002864D1 /* LaunchScreen.xib */ = {
			isa = PBXVariantGroup;
			children = (
				917700F81B42869D002864D1 /* Base */,
			);
			name = LaunchScreen.xib;
			sourceTree = "<group>";
		};
/* End PBXVariantGroup section */

/* Begin XCBuildConfiguration section */
		917701061B42869D002864D1 /* Debug */ = {
			isa = XCBuildConfiguration;
			buildSettings = {
				ALWAYS_SEARCH_USER_PATHS = NO;
				CLANG_CXX_LANGUAGE_STANDARD = "gnu++0x";
				CLANG_CXX_LIBRARY = "libc++";
				CLANG_ENABLE_MODULES = YES;
				CLANG_ENABLE_OBJC_ARC = YES;
				CLANG_WARN_BOOL_CONVERSION = YES;
				CLANG_WARN_CONSTANT_CONVERSION = YES;
				CLANG_WARN_DIRECT_OBJC_ISA_USAGE = YES_ERROR;
				CLANG_WARN_EMPTY_BODY = YES;
				CLANG_WARN_ENUM_CONVERSION = YES;
				CLANG_WARN_INT_CONVERSION = YES;
				CLANG_WARN_OBJC_ROOT_CLASS = YES_ERROR;
				CLANG_WARN_UNREACHABLE_CODE = YES;
				CLANG_WARN__DUPLICATE_METHOD_MATCH = YES;
				CODE_SIGN_IDENTITY = "iPhone Distribution: Olga Khvan (FY4K8ZFLRQ)";
				"CODE_SIGN_IDENTITY[sdk=iphoneos*]" = "iPhone Distribution: Olga Khvan (FY4K8ZFLRQ)";
				COPY_PHASE_STRIP = NO;
				DEBUG_INFORMATION_FORMAT = "dwarf-with-dsym";
				ENABLE_STRICT_OBJC_MSGSEND = YES;
				GCC_C_LANGUAGE_STANDARD = gnu99;
				GCC_DYNAMIC_NO_PIC = NO;
				GCC_NO_COMMON_BLOCKS = YES;
				GCC_OPTIMIZATION_LEVEL = 0;
				GCC_PREPROCESSOR_DEFINITIONS = (
					"DEBUG=1",
					"$(inherited)",
				);
				GCC_SYMBOLS_PRIVATE_EXTERN = NO;
				GCC_WARN_64_TO_32_BIT_CONVERSION = YES;
				GCC_WARN_ABOUT_RETURN_TYPE = YES_ERROR;
				GCC_WARN_UNDECLARED_SELECTOR = YES;
				GCC_WARN_UNINITIALIZED_AUTOS = YES_AGGRESSIVE;
				GCC_WARN_UNUSED_FUNCTION = YES;
				GCC_WARN_UNUSED_VARIABLE = YES;
				IPHONEOS_DEPLOYMENT_TARGET = 8.3;
				MTL_ENABLE_DEBUG_INFO = YES;
				ONLY_ACTIVE_ARCH = YES;
				PROVISIONING_PROFILE = "1194eb26-0c6e-4b9b-80da-2569b530dce4";
				SDKROOT = iphoneos;
			};
			name = Debug;
		};
		917701091B42869D002864D1 /* Debug */ = {
			isa = XCBuildConfiguration;
			baseConfigurationReference = 021D2E78299435F5B4DAB645 /* Pods.debug.xcconfig */;
			buildSettings = {
				ASSETCATALOG_COMPILER_APPICON_NAME = AppIcon;
				CODE_SIGN_IDENTITY = "iPhone Developer";
				"CODE_SIGN_IDENTITY[sdk=iphoneos*]" = "iPhone Developer";
				FRAMEWORK_SEARCH_PATHS = (
					"$(inherited)",
					"$(PROJECT_DIR)",
				);
				INFOPLIST_FILE = KitappApplication/Info.plist;
				LD_RUNPATH_SEARCH_PATHS = "$(inherited) @executable_path/Frameworks";
				PRODUCT_BUNDLE_IDENTIFIER = kz.intellection.kitapp;
				PRODUCT_NAME = "$(TARGET_NAME)";
				PROVISIONING_PROFILE = "";
			};
			name = Debug;
		};
		9177010C1B42869D002864D1 /* Debug */ = {
			isa = XCBuildConfiguration;
			buildSettings = {
				BUNDLE_LOADER = "$(TEST_HOST)";
				CODE_SIGN_IDENTITY = "iPhone Developer";
				"CODE_SIGN_IDENTITY[sdk=iphoneos*]" = "iPhone Developer";
				FRAMEWORK_SEARCH_PATHS = (
					"$(SDKROOT)/Developer/Library/Frameworks",
					"$(inherited)",
				);
				GCC_PREPROCESSOR_DEFINITIONS = (
					"DEBUG=1",
					"$(inherited)",
				);
				INFOPLIST_FILE = KitappApplicationTests/Info.plist;
				LD_RUNPATH_SEARCH_PATHS = "$(inherited) @executable_path/Frameworks @loader_path/Frameworks";
				PRODUCT_NAME = "$(TARGET_NAME)";
				PROVISIONING_PROFILE = "";
				TEST_HOST = "$(BUILT_PRODUCTS_DIR)/KitappApplication.app/KitappApplication";
			};
			name = Debug;
		};
		91C9FE0F1B954D650075A074 /* Release */ = {
			isa = XCBuildConfiguration;
			buildSettings = {
				ALWAYS_SEARCH_USER_PATHS = NO;
				CLANG_CXX_LANGUAGE_STANDARD = "gnu++0x";
				CLANG_CXX_LIBRARY = "libc++";
				CLANG_ENABLE_MODULES = YES;
				CLANG_ENABLE_OBJC_ARC = YES;
				CLANG_WARN_BOOL_CONVERSION = YES;
				CLANG_WARN_CONSTANT_CONVERSION = YES;
				CLANG_WARN_DIRECT_OBJC_ISA_USAGE = YES_ERROR;
				CLANG_WARN_EMPTY_BODY = YES;
				CLANG_WARN_ENUM_CONVERSION = YES;
				CLANG_WARN_INT_CONVERSION = YES;
				CLANG_WARN_OBJC_ROOT_CLASS = YES_ERROR;
				CLANG_WARN_UNREACHABLE_CODE = YES;
				CLANG_WARN__DUPLICATE_METHOD_MATCH = YES;
				CODE_SIGN_IDENTITY = "iPhone Distribution: Olga Khvan (FY4K8ZFLRQ)";
				"CODE_SIGN_IDENTITY[sdk=iphoneos*]" = "iPhone Distribution: Olga Khvan (FY4K8ZFLRQ)";
				COPY_PHASE_STRIP = NO;
				DEBUG_INFORMATION_FORMAT = "dwarf-with-dsym";
				ENABLE_STRICT_OBJC_MSGSEND = YES;
				GCC_C_LANGUAGE_STANDARD = gnu99;
				GCC_DYNAMIC_NO_PIC = NO;
				GCC_NO_COMMON_BLOCKS = YES;
				GCC_OPTIMIZATION_LEVEL = 0;
				GCC_PREPROCESSOR_DEFINITIONS = (
					"DEBUG=1",
					"$(inherited)",
				);
				GCC_SYMBOLS_PRIVATE_EXTERN = NO;
				GCC_WARN_64_TO_32_BIT_CONVERSION = YES;
				GCC_WARN_ABOUT_RETURN_TYPE = YES_ERROR;
				GCC_WARN_UNDECLARED_SELECTOR = YES;
				GCC_WARN_UNINITIALIZED_AUTOS = YES_AGGRESSIVE;
				GCC_WARN_UNUSED_FUNCTION = YES;
				GCC_WARN_UNUSED_VARIABLE = YES;
				IPHONEOS_DEPLOYMENT_TARGET = 8.3;
				MTL_ENABLE_DEBUG_INFO = YES;
				ONLY_ACTIVE_ARCH = YES;
				PROVISIONING_PROFILE = "1194eb26-0c6e-4b9b-80da-2569b530dce4";
				SDKROOT = iphoneos;
			};
			name = Release;
		};
		91C9FE101B954D650075A074 /* Release */ = {
			isa = XCBuildConfiguration;
			baseConfigurationReference = 68031C8FD573F01B247A6229 /* Pods.release.xcconfig */;
			buildSettings = {
				ASSETCATALOG_COMPILER_APPICON_NAME = AppIcon;
				CODE_SIGN_IDENTITY = "iPhone Developer";
				"CODE_SIGN_IDENTITY[sdk=iphoneos*]" = "iPhone Developer";
				FRAMEWORK_SEARCH_PATHS = (
					"$(inherited)",
					"$(PROJECT_DIR)",
				);
				INFOPLIST_FILE = KitappApplication/Info.plist;
				LD_RUNPATH_SEARCH_PATHS = "$(inherited) @executable_path/Frameworks";
				PRODUCT_BUNDLE_IDENTIFIER = kz.intellection.kitapp;
				PRODUCT_NAME = "$(TARGET_NAME)";
				PROVISIONING_PROFILE = "";
			};
			name = Release;
		};
		91C9FE111B954D650075A074 /* Release */ = {
			isa = XCBuildConfiguration;
			buildSettings = {
				BUNDLE_LOADER = "$(TEST_HOST)";
				CODE_SIGN_IDENTITY = "iPhone Developer";
				"CODE_SIGN_IDENTITY[sdk=iphoneos*]" = "iPhone Developer";
				FRAMEWORK_SEARCH_PATHS = (
					"$(SDKROOT)/Developer/Library/Frameworks",
					"$(inherited)",
				);
				GCC_PREPROCESSOR_DEFINITIONS = (
					"DEBUG=1",
					"$(inherited)",
				);
				INFOPLIST_FILE = KitappApplicationTests/Info.plist;
				LD_RUNPATH_SEARCH_PATHS = "$(inherited) @executable_path/Frameworks @loader_path/Frameworks";
				PRODUCT_NAME = "$(TARGET_NAME)";
				PROVISIONING_PROFILE = "";
				TEST_HOST = "$(BUILT_PRODUCTS_DIR)/KitappApplication.app/KitappApplication";
			};
			name = Release;
		};
		91C9FE121B9553660075A074 /* Distribution */ = {
			isa = XCBuildConfiguration;
			buildSettings = {
				ALWAYS_SEARCH_USER_PATHS = NO;
				CLANG_CXX_LANGUAGE_STANDARD = "gnu++0x";
				CLANG_CXX_LIBRARY = "libc++";
				CLANG_ENABLE_MODULES = YES;
				CLANG_ENABLE_OBJC_ARC = YES;
				CLANG_WARN_BOOL_CONVERSION = YES;
				CLANG_WARN_CONSTANT_CONVERSION = YES;
				CLANG_WARN_DIRECT_OBJC_ISA_USAGE = YES_ERROR;
				CLANG_WARN_EMPTY_BODY = YES;
				CLANG_WARN_ENUM_CONVERSION = YES;
				CLANG_WARN_INT_CONVERSION = YES;
				CLANG_WARN_OBJC_ROOT_CLASS = YES_ERROR;
				CLANG_WARN_UNREACHABLE_CODE = YES;
				CLANG_WARN__DUPLICATE_METHOD_MATCH = YES;
				CODE_SIGN_IDENTITY = "iPhone Distribution: Olga Khvan (FY4K8ZFLRQ)";
				"CODE_SIGN_IDENTITY[sdk=iphoneos*]" = "iPhone Distribution: Olga Khvan (FY4K8ZFLRQ)";
				COPY_PHASE_STRIP = NO;
				DEBUG_INFORMATION_FORMAT = "dwarf-with-dsym";
				ENABLE_STRICT_OBJC_MSGSEND = YES;
				GCC_C_LANGUAGE_STANDARD = gnu99;
				GCC_DYNAMIC_NO_PIC = NO;
				GCC_NO_COMMON_BLOCKS = YES;
				GCC_OPTIMIZATION_LEVEL = 0;
				GCC_PREPROCESSOR_DEFINITIONS = (
					"DEBUG=1",
					"$(inherited)",
				);
				GCC_SYMBOLS_PRIVATE_EXTERN = NO;
				GCC_WARN_64_TO_32_BIT_CONVERSION = YES;
				GCC_WARN_ABOUT_RETURN_TYPE = YES_ERROR;
				GCC_WARN_UNDECLARED_SELECTOR = YES;
				GCC_WARN_UNINITIALIZED_AUTOS = YES_AGGRESSIVE;
				GCC_WARN_UNUSED_FUNCTION = YES;
				GCC_WARN_UNUSED_VARIABLE = YES;
				IPHONEOS_DEPLOYMENT_TARGET = 8.3;
				MTL_ENABLE_DEBUG_INFO = YES;
				ONLY_ACTIVE_ARCH = YES;
				PROVISIONING_PROFILE = "1194eb26-0c6e-4b9b-80da-2569b530dce4";
				SDKROOT = iphoneos;
			};
			name = Distribution;
		};
		91C9FE131B9553660075A074 /* Distribution */ = {
			isa = XCBuildConfiguration;
			baseConfigurationReference = 021D2E78299435F5B4DAB645 /* Pods.debug.xcconfig */;
			buildSettings = {
				ASSETCATALOG_COMPILER_APPICON_NAME = AppIcon;
				CODE_SIGN_IDENTITY = "iPhone Developer";
				"CODE_SIGN_IDENTITY[sdk=iphoneos*]" = "iPhone Developer";
				FRAMEWORK_SEARCH_PATHS = (
					"$(inherited)",
					"$(PROJECT_DIR)",
				);
				INFOPLIST_FILE = KitappApplication/Info.plist;
				LD_RUNPATH_SEARCH_PATHS = "$(inherited) @executable_path/Frameworks";
				PRODUCT_BUNDLE_IDENTIFIER = kz.intellection.kitapp;
				PRODUCT_NAME = "$(TARGET_NAME)";
				PROVISIONING_PROFILE = "";
			};
			name = Distribution;
		};
		91C9FE141B9553660075A074 /* Distribution */ = {
			isa = XCBuildConfiguration;
			buildSettings = {
				BUNDLE_LOADER = "$(TEST_HOST)";
				CODE_SIGN_IDENTITY = "iPhone Developer";
				"CODE_SIGN_IDENTITY[sdk=iphoneos*]" = "iPhone Developer";
				FRAMEWORK_SEARCH_PATHS = (
					"$(SDKROOT)/Developer/Library/Frameworks",
					"$(inherited)",
				);
				GCC_PREPROCESSOR_DEFINITIONS = (
					"DEBUG=1",
					"$(inherited)",
				);
				INFOPLIST_FILE = KitappApplicationTests/Info.plist;
				LD_RUNPATH_SEARCH_PATHS = "$(inherited) @executable_path/Frameworks @loader_path/Frameworks";
				PRODUCT_NAME = "$(TARGET_NAME)";
				PROVISIONING_PROFILE = "";
				TEST_HOST = "$(BUILT_PRODUCTS_DIR)/KitappApplication.app/KitappApplication";
			};
			name = Distribution;
		};
/* End XCBuildConfiguration section */

/* Begin XCConfigurationList section */
		917700E01B42869D002864D1 /* Build configuration list for PBXProject "KitappApplication" */ = {
			isa = XCConfigurationList;
			buildConfigurations = (
				917701061B42869D002864D1 /* Debug */,
				91C9FE0F1B954D650075A074 /* Release */,
				91C9FE121B9553660075A074 /* Distribution */,
			);
			defaultConfigurationIsVisible = 0;
			defaultConfigurationName = Debug;
		};
		917701081B42869D002864D1 /* Build configuration list for PBXNativeTarget "KitappApplication" */ = {
			isa = XCConfigurationList;
			buildConfigurations = (
				917701091B42869D002864D1 /* Debug */,
				91C9FE101B954D650075A074 /* Release */,
				91C9FE131B9553660075A074 /* Distribution */,
			);
			defaultConfigurationIsVisible = 0;
			defaultConfigurationName = Debug;
		};
		9177010B1B42869D002864D1 /* Build configuration list for PBXNativeTarget "KitappApplicationTests" */ = {
			isa = XCConfigurationList;
			buildConfigurations = (
				9177010C1B42869D002864D1 /* Debug */,
				91C9FE111B954D650075A074 /* Release */,
				91C9FE141B9553660075A074 /* Distribution */,
			);
			defaultConfigurationIsVisible = 0;
			defaultConfigurationName = Debug;
		};
/* End XCConfigurationList section */
	};
	rootObject = 917700DD1B42869D002864D1 /* Project object */;
}
